{
	"name": "google-fonts-complete",
	"version": "2.1.1",
	"lockfileVersion": 1,
	"requires": true,
	"dependencies": {
		"colorette": {
			"version": "1.2.1",
			"resolved": "https://registry.npmjs.org/colorette/-/colorette-1.2.1.tgz",
			"integrity": "sha512-puCDz0CzydiSYOrnXpz/PKd69zRrribezjtE9yd4zvytoRc8+RY/KJPvtPFKZS3E3wP6neGyMe0vOTlHO5L3Pw=="
		},
		"isarray": {
			"version": "1.0.0",
			"resolved": "https://registry.npmjs.org/isarray/-/isarray-1.0.0.tgz",
			"integrity": "sha1-u5NdSFgsuhaMBoNJV6VKPgcSTxE="
		},
		"isobject": {
			"version": "2.1.0",
			"resolved": "https://registry.npmjs.org/isobject/-/isobject-2.1.0.tgz",
			"integrity": "sha1-8GVWEJaj8dou9GJy+BXIQNh+DIk=",
			"requires": {
				"isarray": "1.0.0"
			}
		},
		"line-column": {
			"version": "1.0.2",
			"resolved": "https://registry.npmjs.org/line-column/-/line-column-1.0.2.tgz",
			"integrity": "sha1-0lryk2tvSEkXKzEuR5LR2Ye8NKI=",
			"requires": {
				"isarray": "^1.0.0",
				"isobject": "^2.0.0"
			}
		},
		"nanoid": {
			"version": "3.1.16",
			"resolved": "https://registry.npmjs.org/nanoid/-/nanoid-3.1.16.tgz",
			"integrity": "sha512-+AK8MN0WHji40lj8AEuwLOvLSbWYApQpre/aFJZD71r43wVRLrOYS4FmJOPQYon1TqB462RzrrxlfA74XRES8w=="
		},
		"postcss": {
			"version": "8.1.7",
			"resolved": "https://registry.npmjs.org/postcss/-/postcss-8.1.7.tgz",
			"integrity": "sha512-llCQW1Pz4MOPwbZLmOddGM9eIJ8Bh7SZ2Oj5sxZva77uVaotYDsYTch1WBTNu7fUY0fpWp0fdt7uW40D4sRiiQ==",
			"requires": {
				"colorette": "^1.2.1",
				"line-column": "^1.0.2",
				"nanoid": "^3.1.16",
				"source-map": "^0.6.1"
			}
		},
		"source-map": {
			"version": "0.6.1",
			"resolved": "https://registry.npmjs.org/source-map/-/source-map-0.6.1.tgz",
			"integrity": "sha512-UjgapumWlbMhkBgzT7Ykc5YXUT46F0iKu8SGXq0bcwP5dz/h0Plj6enJqjz1Zbq2l5WaqYnrVbwWOWMyF3F47g=="
		}
	}
}
