{
	"name": "google-fonts-complete",
	"version": "1.2.0",
	"lockfileVersion": 1,
	"requires": true,
	"dependencies": {
		"amdefine": {
			"version": "1.0.1",
			"resolved": "https://registry.npmjs.org/amdefine/-/amdefine-1.0.1.tgz",
			"integrity": "sha1-SlKCrBZHKek2Gbz9OtFR+BfOkfU="
		},
		"es6-promise": {
			"version": "2.3.0",
			"resolved": "https://registry.npmjs.org/es6-promise/-/es6-promise-2.3.0.tgz",
			"integrity": "sha1-lu258v2wGZWCKyY92KratnSBgbw="
		},
		"js-base64": {
			"version": "2.1.9",
			"resolved": "https://registry.npmjs.org/js-base64/-/js-base64-2.1.9.tgz",
			"integrity": "sha1-8OgK4DmkvWVLXygfyT8EqRSn/M4="
		},
		"postcss": {
			"version": "4.1.16",
			"resolved": "https://registry.npmjs.org/postcss/-/postcss-4.1.16.tgz",
			"integrity": "sha1-TESbTIr53zyvbTf44eV10DYXWNw=",
			"requires": {
				"es6-promise": "2.3.0",
				"js-base64": "2.1.9",
				"source-map": "0.4.4"
			}
		},
		"source-map": {
			"version": "0.4.4",
			"resolved": "https://registry.npmjs.org/source-map/-/source-map-0.4.4.tgz",
			"integrity": "sha1-66T12pwNyZneaAMti092FzZSA2s=",
			"requires": {
				"amdefine": "1.0.1"
			}
		}
	}
}
